// !$*UTF8*$!
{
	archiveVersion = 1;
	classes = {
	};
	objectVersion = 56;
	objects = {

/* Begin PBXBuildFile section */
		CE86716C29B9BE9F00F7FDAB /* AppDelegate.swift in Sources */ = {isa = PBXBuildFile; fileRef = CE86716B29B9BE9F00F7FDAB /* AppDelegate.swift */; };
		CE86716E29B9BE9F00F7FDAB /* SceneDelegate.swift in Sources */ = {isa = PBXBuildFile; fileRef = CE86716D29B9BE9F00F7FDAB /* SceneDelegate.swift */; };
		CE86717029B9BE9F00F7FDAB /* LoginViewController.swift in Sources */ = {isa = PBXBuildFile; fileRef = CE86716F29B9BE9F00F7FDAB /* LoginViewController.swift */; };
		CE86717529B9BEA100F7FDAB /* Assets.xcassets in Resources */ = {isa = PBXBuildFile; fileRef = CE86717429B9BEA100F7FDAB /* Assets.xcassets */; };
		CE86717829B9BEA100F7FDAB /* LaunchScreen.storyboard in Resources */ = {isa = PBXBuildFile; fileRef = CE86717629B9BEA100F7FDAB /* LaunchScreen.storyboard */; };
		CEA7551329B9CD3400E3CFE3 /* Router.swift in Sources */ = {isa = PBXBuildFile; fileRef = CEA7551229B9CD3400E3CFE3 /* Router.swift */; };
		CEA7551729B9CD7800E3CFE3 /* LoginPresenter.swift in Sources */ = {isa = PBXBuildFile; fileRef = CEA7551629B9CD7800E3CFE3 /* LoginPresenter.swift */; };
		CEA7551F29B9CE2600E3CFE3 /* MainPresenter.swift in Sources */ = {isa = PBXBuildFile; fileRef = CEA7551E29B9CE2600E3CFE3 /* MainPresenter.swift */; };
		CEA7552129B9CE3200E3CFE3 /* RecipeViewController.swift in Sources */ = {isa = PBXBuildFile; fileRef = CEA7552029B9CE3200E3CFE3 /* RecipeViewController.swift */; };
		CEA7552829B9CEA500E3CFE3 /* Model.swift in Sources */ = {isa = PBXBuildFile; fileRef = CEA7552729B9CEA500E3CFE3 /* Model.swift */; };
		CEA7552E29B9DDDF00E3CFE3 /* AssemblyBuilder.swift in Sources */ = {isa = PBXBuildFile; fileRef = CEA7552D29B9DDDF00E3CFE3 /* AssemblyBuilder.swift */; };
		CEA7553329BA0D4700E3CFE3 /* FavoriteViewController.swift in Sources */ = {isa = PBXBuildFile; fileRef = CEA7553229BA0D4700E3CFE3 /* FavoriteViewController.swift */; };
		CEA7553629BA0D5A00E3CFE3 /* FavoritePresenter.swift in Sources */ = {isa = PBXBuildFile; fileRef = CEA7553529BA0D5A00E3CFE3 /* FavoritePresenter.swift */; };
		CEA7553D29BA102700E3CFE3 /* NetworkService.swift in Sources */ = {isa = PBXBuildFile; fileRef = CEA7553C29BA102700E3CFE3 /* NetworkService.swift */; };
		CEA7554029BA19FB00E3CFE3 /* Link.swift in Sources */ = {isa = PBXBuildFile; fileRef = CEA7553F29BA19FB00E3CFE3 /* Link.swift */; };
		CEA7554929BC5D4200E3CFE3 /* DetailViewController.swift in Sources */ = {isa = PBXBuildFile; fileRef = CEA7554829BC5D4200E3CFE3 /* DetailViewController.swift */; };
		CEA7554B29BC5D5000E3CFE3 /* DetailPresenter.swift in Sources */ = {isa = PBXBuildFile; fileRef = CEA7554A29BC5D5000E3CFE3 /* DetailPresenter.swift */; };
/* End PBXBuildFile section */

/* Begin PBXFileReference section */
		CE86716829B9BE9F00F7FDAB /* RecipeMVP.app */ = {isa = PBXFileReference; explicitFileType = wrapper.application; includeInIndex = 0; path = RecipeMVP.app; sourceTree = BUILT_PRODUCTS_DIR; };
		CE86716B29B9BE9F00F7FDAB /* AppDelegate.swift */ = {isa = PBXFileReference; lastKnownFileType = sourcecode.swift; path = AppDelegate.swift; sourceTree = "<group>"; };
		CE86716D29B9BE9F00F7FDAB /* SceneDelegate.swift */ = {isa = PBXFileReference; lastKnownFileType = sourcecode.swift; path = SceneDelegate.swift; sourceTree = "<group>"; };
		CE86716F29B9BE9F00F7FDAB /* LoginViewController.swift */ = {isa = PBXFileReference; lastKnownFileType = sourcecode.swift; path = LoginViewController.swift; sourceTree = "<group>"; };
		CE86717429B9BEA100F7FDAB /* Assets.xcassets */ = {isa = PBXFileReference; lastKnownFileType = folder.assetcatalog; path = Assets.xcassets; sourceTree = "<group>"; };
		CE86717729B9BEA100F7FDAB /* Base */ = {isa = PBXFileReference; lastKnownFileType = file.storyboard; name = Base; path = Base.lproj/LaunchScreen.storyboard; sourceTree = "<group>"; };
		CE86717929B9BEA100F7FDAB /* Info.plist */ = {isa = PBXFileReference; lastKnownFileType = text.plist.xml; path = Info.plist; sourceTree = "<group>"; };
		CEA7551229B9CD3400E3CFE3 /* Router.swift */ = {isa = PBXFileReference; lastKnownFileType = sourcecode.swift; path = Router.swift; sourceTree = "<group>"; };
		CEA7551629B9CD7800E3CFE3 /* LoginPresenter.swift */ = {isa = PBXFileReference; lastKnownFileType = sourcecode.swift; path = LoginPresenter.swift; sourceTree = "<group>"; };
		CEA7551E29B9CE2600E3CFE3 /* MainPresenter.swift */ = {isa = PBXFileReference; lastKnownFileType = sourcecode.swift; path = MainPresenter.swift; sourceTree = "<group>"; };
		CEA7552029B9CE3200E3CFE3 /* RecipeViewController.swift */ = {isa = PBXFileReference; lastKnownFileType = sourcecode.swift; path = RecipeViewController.swift; sourceTree = "<group>"; };
		CEA7552729B9CEA500E3CFE3 /* Model.swift */ = {isa = PBXFileReference; lastKnownFileType = sourcecode.swift; path = Model.swift; sourceTree = "<group>"; };
		CEA7552D29B9DDDF00E3CFE3 /* AssemblyBuilder.swift */ = {isa = PBXFileReference; lastKnownFileType = sourcecode.swift; path = AssemblyBuilder.swift; sourceTree = "<group>"; };
		CEA7553229BA0D4700E3CFE3 /* FavoriteViewController.swift */ = {isa = PBXFileReference; lastKnownFileType = sourcecode.swift; path = FavoriteViewController.swift; sourceTree = "<group>"; };
		CEA7553529BA0D5A00E3CFE3 /* FavoritePresenter.swift */ = {isa = PBXFileReference; lastKnownFileType = sourcecode.swift; path = FavoritePresenter.swift; sourceTree = "<group>"; };
		CEA7553C29BA102700E3CFE3 /* NetworkService.swift */ = {isa = PBXFileReference; lastKnownFileType = sourcecode.swift; path = NetworkService.swift; sourceTree = "<group>"; };
		CEA7553F29BA19FB00E3CFE3 /* Link.swift */ = {isa = PBXFileReference; lastKnownFileType = sourcecode.swift; path = Link.swift; sourceTree = "<group>"; };
		CEA7554829BC5D4200E3CFE3 /* DetailViewController.swift */ = {isa = PBXFileReference; lastKnownFileType = sourcecode.swift; path = DetailViewController.swift; sourceTree = "<group>"; };
		CEA7554A29BC5D5000E3CFE3 /* DetailPresenter.swift */ = {isa = PBXFileReference; lastKnownFileType = sourcecode.swift; path = DetailPresenter.swift; sourceTree = "<group>"; };
/* End PBXFileReference section */

/* Begin PBXFrameworksBuildPhase section */
		CE86716529B9BE9F00F7FDAB /* Frameworks */ = {
			isa = PBXFrameworksBuildPhase;
			buildActionMask = 2147483647;
			files = (
			);
			runOnlyForDeploymentPostprocessing = 0;
		};
/* End PBXFrameworksBuildPhase section */

/* Begin PBXGroup section */
		CE86715F29B9BE9F00F7FDAB = {
			isa = PBXGroup;
			children = (
				CE86716A29B9BE9F00F7FDAB /* RecipeMVP */,
				CE86716929B9BE9F00F7FDAB /* Products */,
			);
			sourceTree = "<group>";
		};
		CE86716929B9BE9F00F7FDAB /* Products */ = {
			isa = PBXGroup;
			children = (
				CE86716829B9BE9F00F7FDAB /* RecipeMVP.app */,
			);
			name = Products;
			sourceTree = "<group>";
		};
		CE86716A29B9BE9F00F7FDAB /* RecipeMVP */ = {
			isa = PBXGroup;
			children = (
				CEA7554729BC5D2500E3CFE3 /* DetailModule */,
				CEA7551029B9CCC600E3CFE3 /* Applications */,
				CEA7551C29B9CDAC00E3CFE3 /* Assembly */,
				CEA7551429B9CD3800E3CFE3 /* Router */,
				CEA7553129BA0D3000E3CFE3 /* FavoriteModule */,
				CEA7551D29B9CDD700E3CFE3 /* MainModule */,
				CEA7553B29BA101700E3CFE3 /* ServiceLayer */,
				CEA7551529B9CD3E00E3CFE3 /* LoginModule */,
				CEA7551129B9CD0B00E3CFE3 /* Resources */,
			);
			path = RecipeMVP;
			sourceTree = "<group>";
		};
		CEA7551029B9CCC600E3CFE3 /* Applications */ = {
			isa = PBXGroup;
			children = (
				CE86716B29B9BE9F00F7FDAB /* AppDelegate.swift */,
				CE86716D29B9BE9F00F7FDAB /* SceneDelegate.swift */,
				CE86717929B9BEA100F7FDAB /* Info.plist */,
			);
			path = Applications;
			sourceTree = "<group>";
		};
		CEA7551129B9CD0B00E3CFE3 /* Resources */ = {
			isa = PBXGroup;
			children = (
				CE86717429B9BEA100F7FDAB /* Assets.xcassets */,
				CE86717629B9BEA100F7FDAB /* LaunchScreen.storyboard */,
			);
			path = Resources;
			sourceTree = "<group>";
		};
		CEA7551429B9CD3800E3CFE3 /* Router */ = {
			isa = PBXGroup;
			children = (
				CEA7551229B9CD3400E3CFE3 /* Router.swift */,
			);
			path = Router;
			sourceTree = "<group>";
		};
		CEA7551529B9CD3E00E3CFE3 /* LoginModule */ = {
			isa = PBXGroup;
			children = (
				CEA7551929B9CD8500E3CFE3 /* View */,
				CEA7551829B9CD7E00E3CFE3 /* Presenter */,
			);
			name = LoginModule;
			sourceTree = "<group>";
		};
		CEA7551829B9CD7E00E3CFE3 /* Presenter */ = {
			isa = PBXGroup;
			children = (
				CEA7551629B9CD7800E3CFE3 /* LoginPresenter.swift */,
			);
			name = Presenter;
			sourceTree = "<group>";
		};
		CEA7551929B9CD8500E3CFE3 /* View */ = {
			isa = PBXGroup;
			children = (
				CE86716F29B9BE9F00F7FDAB /* LoginViewController.swift */,
			);
			name = View;
			sourceTree = "<group>";
		};
		CEA7551C29B9CDAC00E3CFE3 /* Assembly */ = {
			isa = PBXGroup;
			children = (
				CEA7552D29B9DDDF00E3CFE3 /* AssemblyBuilder.swift */,
			);
			name = Assembly;
			sourceTree = "<group>";
		};
		CEA7551D29B9CDD700E3CFE3 /* MainModule */ = {
			isa = PBXGroup;
			children = (
				CEA7552929B9CEA900E3CFE3 /* Model */,
				CEA7552529B9CE8F00E3CFE3 /* View */,
				CEA7552629B9CE9700E3CFE3 /* Presenter */,
			);
			name = MainModule;
			sourceTree = "<group>";
		};
		CEA7552529B9CE8F00E3CFE3 /* View */ = {
			isa = PBXGroup;
			children = (
				CEA7552029B9CE3200E3CFE3 /* RecipeViewController.swift */,
			);
			name = View;
			sourceTree = "<group>";
		};
		CEA7552629B9CE9700E3CFE3 /* Presenter */ = {
			isa = PBXGroup;
			children = (
				CEA7551E29B9CE2600E3CFE3 /* MainPresenter.swift */,
			);
			name = Presenter;
			sourceTree = "<group>";
		};
		CEA7552929B9CEA900E3CFE3 /* Model */ = {
			isa = PBXGroup;
			children = (
				CEA7552729B9CEA500E3CFE3 /* Model.swift */,
			);
			name = Model;
			sourceTree = "<group>";
		};
		CEA7553129BA0D3000E3CFE3 /* FavoriteModule */ = {
			isa = PBXGroup;
			children = (
				CEA7553429BA0D5000E3CFE3 /* View */,
				CEA7553729BA0D5E00E3CFE3 /* Presenter */,
			);
			name = FavoriteModule;
			sourceTree = "<group>";
		};
		CEA7553429BA0D5000E3CFE3 /* View */ = {
			isa = PBXGroup;
			children = (
				CEA7553229BA0D4700E3CFE3 /* FavoriteViewController.swift */,
			);
			name = View;
			sourceTree = "<group>";
		};
		CEA7553729BA0D5E00E3CFE3 /* Presenter */ = {
			isa = PBXGroup;
			children = (
				CEA7553529BA0D5A00E3CFE3 /* FavoritePresenter.swift */,
			);
			name = Presenter;
			sourceTree = "<group>";
		};
		CEA7553B29BA101700E3CFE3 /* ServiceLayer */ = {
			isa = PBXGroup;
			children = (
				CEA7553E29BA102A00E3CFE3 /* Network */,
			);
			path = ServiceLayer;
			sourceTree = "<group>";
		};
		CEA7553E29BA102A00E3CFE3 /* Network */ = {
			isa = PBXGroup;
			children = (
				CEA7553C29BA102700E3CFE3 /* NetworkService.swift */,
				CEA7553F29BA19FB00E3CFE3 /* Link.swift */,
			);
			path = Network;
			sourceTree = "<group>";
		};
		CEA7554729BC5D2500E3CFE3 /* DetailModule */ = {
			isa = PBXGroup;
			children = (
				CEA7554829BC5D4200E3CFE3 /* DetailViewController.swift */,
				CEA7554A29BC5D5000E3CFE3 /* DetailPresenter.swift */,
			);
			path = DetailModule;
			sourceTree = "<group>";
		};
/* End PBXGroup section */

/* Begin PBXNativeTarget section */
		CE86716729B9BE9F00F7FDAB /* RecipeMVP */ = {
			isa = PBXNativeTarget;
			buildConfigurationList = CE86717C29B9BEA100F7FDAB /* Build configuration list for PBXNativeTarget "RecipeMVP" */;
			buildPhases = (
				CE86716429B9BE9F00F7FDAB /* Sources */,
				CE86716529B9BE9F00F7FDAB /* Frameworks */,
				CE86716629B9BE9F00F7FDAB /* Resources */,
			);
			buildRules = (
			);
			dependencies = (
			);
			name = RecipeMVP;
			productName = RecipeMVP;
			productReference = CE86716829B9BE9F00F7FDAB /* RecipeMVP.app */;
			productType = "com.apple.product-type.application";
		};
/* End PBXNativeTarget section */

/* Begin PBXProject section */
		CE86716029B9BE9F00F7FDAB /* Project object */ = {
			isa = PBXProject;
			attributes = {
				BuildIndependentTargetsInParallel = 1;
				LastSwiftUpdateCheck = 1420;
				LastUpgradeCheck = 1420;
				TargetAttributes = {
					CE86716729B9BE9F00F7FDAB = {
						CreatedOnToolsVersion = 14.2;
					};
				};
			};
			buildConfigurationList = CE86716329B9BE9F00F7FDAB /* Build configuration list for PBXProject "RecipeMVP" */;
			compatibilityVersion = "Xcode 14.0";
			developmentRegion = en;
			hasScannedForEncodings = 0;
			knownRegions = (
				en,
				Base,
			);
			mainGroup = CE86715F29B9BE9F00F7FDAB;
			productRefGroup = CE86716929B9BE9F00F7FDAB /* Products */;
			projectDirPath = "";
			projectRoot = "";
			targets = (
				CE86716729B9BE9F00F7FDAB /* RecipeMVP */,
			);
		};
/* End PBXProject section */

/* Begin PBXResourcesBuildPhase section */
		CE86716629B9BE9F00F7FDAB /* Resources */ = {
			isa = PBXResourcesBuildPhase;
			buildActionMask = 2147483647;
			files = (
				CE86717829B9BEA100F7FDAB /* LaunchScreen.storyboard in Resources */,
				CE86717529B9BEA100F7FDAB /* Assets.xcassets in Resources */,
			);
			runOnlyForDeploymentPostprocessing = 0;
		};
/* End PBXResourcesBuildPhase section */

/* Begin PBXSourcesBuildPhase section */
		CE86716429B9BE9F00F7FDAB /* Sources */ = {
			isa = PBXSourcesBuildPhase;
			buildActionMask = 2147483647;
			files = (
				CEA7551329B9CD3400E3CFE3 /* Router.swift in Sources */,
				CEA7553629BA0D5A00E3CFE3 /* FavoritePresenter.swift in Sources */,
				CE86717029B9BE9F00F7FDAB /* LoginViewController.swift in Sources */,
				CE86716C29B9BE9F00F7FDAB /* AppDelegate.swift in Sources */,
				CE86716E29B9BE9F00F7FDAB /* SceneDelegate.swift in Sources */,
				CEA7554029BA19FB00E3CFE3 /* Link.swift in Sources */,
				CEA7553329BA0D4700E3CFE3 /* FavoriteViewController.swift in Sources */,
				CEA7551F29B9CE2600E3CFE3 /* MainPresenter.swift in Sources */,
				CEA7554B29BC5D5000E3CFE3 /* DetailPresenter.swift in Sources */,
				CEA7551729B9CD7800E3CFE3 /* LoginPresenter.swift in Sources */,
				CEA7552829B9CEA500E3CFE3 /* Model.swift in Sources */,
				CEA7552E29B9DDDF00E3CFE3 /* AssemblyBuilder.swift in Sources */,
				CEA7553D29BA102700E3CFE3 /* NetworkService.swift in Sources */,
				CEA7552129B9CE3200E3CFE3 /* RecipeViewController.swift in Sources */,
				CEA7554929BC5D4200E3CFE3 /* DetailViewController.swift in Sources */,
			);
			runOnlyForDeploymentPostprocessing = 0;
		};
/* End PBXSourcesBuildPhase section */

/* Begin PBXVariantGroup section */
		CE86717629B9BEA100F7FDAB /* LaunchScreen.storyboard */ = {
			isa = PBXVariantGroup;
			children = (
				CE86717729B9BEA100F7FDAB /* Base */,
			);
			name = LaunchScreen.storyboard;
			sourceTree = "<group>";
		};
/* End PBXVariantGroup section */

/* Begin XCBuildConfiguration section */
		CE86717A29B9BEA100F7FDAB /* Debug */ = {
			isa = XCBuildConfiguration;
			buildSettings = {
				ALWAYS_SEARCH_USER_PATHS = NO;
				CLANG_ANALYZER_NONNULL = YES;
				CLANG_ANALYZER_NUMBER_OBJECT_CONVERSION = YES_AGGRESSIVE;
				CLANG_CXX_LANGUAGE_STANDARD = "gnu++20";
				CLANG_ENABLE_MODULES = YES;
				CLANG_ENABLE_OBJC_ARC = YES;
				CLANG_ENABLE_OBJC_WEAK = YES;
				CLANG_WARN_BLOCK_CAPTURE_AUTORELEASING = YES;
				CLANG_WARN_BOOL_CONVERSION = YES;
				CLANG_WARN_COMMA = YES;
				CLANG_WARN_CONSTANT_CONVERSION = YES;
				CLANG_WARN_DEPRECATED_OBJC_IMPLEMENTATIONS = YES;
				CLANG_WARN_DIRECT_OBJC_ISA_USAGE = YES_ERROR;
				CLANG_WARN_DOCUMENTATION_COMMENTS = YES;
				CLANG_WARN_EMPTY_BODY = YES;
				CLANG_WARN_ENUM_CONVERSION = YES;
				CLANG_WARN_INFINITE_RECURSION = YES;
				CLANG_WARN_INT_CONVERSION = YES;
				CLANG_WARN_NON_LITERAL_NULL_CONVERSION = YES;
				CLANG_WARN_OBJC_IMPLICIT_RETAIN_SELF = YES;
				CLANG_WARN_OBJC_LITERAL_CONVERSION = YES;
				CLANG_WARN_OBJC_ROOT_CLASS = YES_ERROR;
				CLANG_WARN_QUOTED_INCLUDE_IN_FRAMEWORK_HEADER = YES;
				CLANG_WARN_RANGE_LOOP_ANALYSIS = YES;
				CLANG_WARN_STRICT_PROTOTYPES = YES;
				CLANG_WARN_SUSPICIOUS_MOVE = YES;
				CLANG_WARN_UNGUARDED_AVAILABILITY = YES_AGGRESSIVE;
				CLANG_WARN_UNREACHABLE_CODE = YES;
				CLANG_WARN__DUPLICATE_METHOD_MATCH = YES;
				COPY_PHASE_STRIP = NO;
				DEBUG_INFORMATION_FORMAT = dwarf;
				ENABLE_STRICT_OBJC_MSGSEND = YES;
				ENABLE_TESTABILITY = YES;
				GCC_C_LANGUAGE_STANDARD = gnu11;
				GCC_DYNAMIC_NO_PIC = NO;
				GCC_NO_COMMON_BLOCKS = YES;
				GCC_OPTIMIZATION_LEVEL = 0;
				GCC_PREPROCESSOR_DEFINITIONS = (
					"DEBUG=1",
					"$(inherited)",
				);
				GCC_WARN_64_TO_32_BIT_CONVERSION = YES;
				GCC_WARN_ABOUT_RETURN_TYPE = YES_ERROR;
				GCC_WARN_UNDECLARED_SELECTOR = YES;
				GCC_WARN_UNINITIALIZED_AUTOS = YES_AGGRESSIVE;
				GCC_WARN_UNUSED_FUNCTION = YES;
				GCC_WARN_UNUSED_VARIABLE = YES;
				IPHONEOS_DEPLOYMENT_TARGET = 14.0;
				MTL_ENABLE_DEBUG_INFO = INCLUDE_SOURCE;
				MTL_FAST_MATH = YES;
				ONLY_ACTIVE_ARCH = YES;
				SDKROOT = iphoneos;
				SWIFT_ACTIVE_COMPILATION_CONDITIONS = DEBUG;
				SWIFT_OPTIMIZATION_LEVEL = "-Onone";
			};
			name = Debug;
		};
		CE86717B29B9BEA100F7FDAB /* Release */ = {
			isa = XCBuildConfiguration;
			buildSettings = {
				ALWAYS_SEARCH_USER_PATHS = NO;
				CLANG_ANALYZER_NONNULL = YES;
				CLANG_ANALYZER_NUMBER_OBJECT_CONVERSION = YES_AGGRESSIVE;
				CLANG_CXX_LANGUAGE_STANDARD = "gnu++20";
				CLANG_ENABLE_MODULES = YES;
				CLANG_ENABLE_OBJC_ARC = YES;
				CLANG_ENABLE_OBJC_WEAK = YES;
				CLANG_WARN_BLOCK_CAPTURE_AUTORELEASING = YES;
				CLANG_WARN_BOOL_CONVERSION = YES;
				CLANG_WARN_COMMA = YES;
				CLANG_WARN_CONSTANT_CONVERSION = YES;
				CLANG_WARN_DEPRECATED_OBJC_IMPLEMENTATIONS = YES;
				CLANG_WARN_DIRECT_OBJC_ISA_USAGE = YES_ERROR;
				CLANG_WARN_DOCUMENTATION_COMMENTS = YES;
				CLANG_WARN_EMPTY_BODY = YES;
				CLANG_WARN_ENUM_CONVERSION = YES;
				CLANG_WARN_INFINITE_RECURSION = YES;
				CLANG_WARN_INT_CONVERSION = YES;
				CLANG_WARN_NON_LITERAL_NULL_CONVERSION = YES;
				CLANG_WARN_OBJC_IMPLICIT_RETAIN_SELF = YES;
				CLANG_WARN_OBJC_LITERAL_CONVERSION = YES;
				CLANG_WARN_OBJC_ROOT_CLASS = YES_ERROR;
				CLANG_WARN_QUOTED_INCLUDE_IN_FRAMEWORK_HEADER = YES;
				CLANG_WARN_RANGE_LOOP_ANALYSIS = YES;
				CLANG_WARN_STRICT_PROTOTYPES = YES;
				CLANG_WARN_SUSPICIOUS_MOVE = YES;
				CLANG_WARN_UNGUARDED_AVAILABILITY = YES_AGGRESSIVE;
				CLANG_WARN_UNREACHABLE_CODE = YES;
				CLANG_WARN__DUPLICATE_METHOD_MATCH = YES;
				COPY_PHASE_STRIP = NO;
				DEBUG_INFORMATION_FORMAT = "dwarf-with-dsym";
				ENABLE_NS_ASSERTIONS = NO;
				ENABLE_STRICT_OBJC_MSGSEND = YES;
				GCC_C_LANGUAGE_STANDARD = gnu11;
				GCC_NO_COMMON_BLOCKS = YES;
				GCC_WARN_64_TO_32_BIT_CONVERSION = YES;
				GCC_WARN_ABOUT_RETURN_TYPE = YES_ERROR;
				GCC_WARN_UNDECLARED_SELECTOR = YES;
				GCC_WARN_UNINITIALIZED_AUTOS = YES_AGGRESSIVE;
				GCC_WARN_UNUSED_FUNCTION = YES;
				GCC_WARN_UNUSED_VARIABLE = YES;
				IPHONEOS_DEPLOYMENT_TARGET = 14.0;
				MTL_ENABLE_DEBUG_INFO = NO;
				MTL_FAST_MATH = YES;
				SDKROOT = iphoneos;
				SWIFT_COMPILATION_MODE = wholemodule;
				SWIFT_OPTIMIZATION_LEVEL = "-O";
				VALIDATE_PRODUCT = YES;
			};
			name = Release;
		};
		CE86717D29B9BEA100F7FDAB /* Debug */ = {
			isa = XCBuildConfiguration;
			buildSettings = {
				ASSETCATALOG_COMPILER_APPICON_NAME = AppIcon;
				ASSETCATALOG_COMPILER_GLOBAL_ACCENT_COLOR_NAME = AccentColor;
				CODE_SIGN_STYLE = Automatic;
				CURRENT_PROJECT_VERSION = 1;
				DEVELOPMENT_TEAM = L86P4HUDQ3;
				GENERATE_INFOPLIST_FILE = YES;
				INFOPLIST_FILE = RecipeMVP/Applications/Info.plist;
				INFOPLIST_KEY_UIApplicationSupportsIndirectInputEvents = YES;
				INFOPLIST_KEY_UILaunchStoryboardName = LaunchScreen;
				INFOPLIST_KEY_UISupportedInterfaceOrientations = "UIInterfaceOrientationLandscapeRight UIInterfaceOrientationPortrait";
				INFOPLIST_KEY_UISupportedInterfaceOrientations_iPad = "UIInterfaceOrientationLandscapeLeft UIInterfaceOrientationLandscapeRight UIInterfaceOrientationPortrait UIInterfaceOrientationPortraitUpsideDown";
				LD_RUNPATH_SEARCH_PATHS = (
					"$(inherited)",
					"@executable_path/Frameworks",
				);
				MARKETING_VERSION = 1.0;
				PRODUCT_BUNDLE_IDENTIFIER = seleza1.RecipeMVP;
				PRODUCT_NAME = "$(TARGET_NAME)";
				SUPPORTED_PLATFORMS = "iphoneos iphonesimulator";
				SUPPORTS_MACCATALYST = NO;
				SUPPORTS_MAC_DESIGNED_FOR_IPHONE_IPAD = NO;
				SWIFT_EMIT_LOC_STRINGS = YES;
				SWIFT_VERSION = 5.0;
				TARGETED_DEVICE_FAMILY = 1;
			};
			name = Debug;
		};
		CE86717E29B9BEA100F7FDAB /* Release */ = {
			isa = XCBuildConfiguration;
			buildSettings = {
				ASSETCATALOG_COMPILER_APPICON_NAME = AppIcon;
				ASSETCATALOG_COMPILER_GLOBAL_ACCENT_COLOR_NAME = AccentColor;
				CODE_SIGN_STYLE = Automatic;
				CURRENT_PROJECT_VERSION = 1;
				DEVELOPMENT_TEAM = L86P4HUDQ3;
				GENERATE_INFOPLIST_FILE = YES;
				INFOPLIST_FILE = RecipeMVP/Applications/Info.plist;
				INFOPLIST_KEY_UIApplicationSupportsIndirectInputEvents = YES;
				INFOPLIST_KEY_UILaunchStoryboardName = LaunchScreen;
				INFOPLIST_KEY_UISupportedInterfaceOrientations = "UIInterfaceOrientationLandscapeRight UIInterfaceOrientationPortrait";
				INFOPLIST_KEY_UISupportedInterfaceOrientations_iPad = "UIInterfaceOrientationLandscapeLeft UIInterfaceOrientationLandscapeRight UIInterfaceOrientationPortrait UIInterfaceOrientationPortraitUpsideDown";
				LD_RUNPATH_SEARCH_PATHS = (
					"$(inherited)",
					"@executable_path/Frameworks",
				);
				MARKETING_VERSION = 1.0;
				PRODUCT_BUNDLE_IDENTIFIER = seleza1.RecipeMVP;
				PRODUCT_NAME = "$(TARGET_NAME)";
				SUPPORTED_PLATFORMS = "iphoneos iphonesimulator";
				SUPPORTS_MACCATALYST = NO;
				SUPPORTS_MAC_DESIGNED_FOR_IPHONE_IPAD = NO;
				SWIFT_EMIT_LOC_STRINGS = YES;
				SWIFT_VERSION = 5.0;
				TARGETED_DEVICE_FAMILY = 1;
			};
			name = Release;
		};
/* End XCBuildConfiguration section */

/* Begin XCConfigurationList section */
		CE86716329B9BE9F00F7FDAB /* Build configuration list for PBXProject "RecipeMVP" */ = {
			isa = XCConfigurationList;
			buildConfigurations = (
				CE86717A29B9BEA100F7FDAB /* Debug */,
				CE86717B29B9BEA100F7FDAB /* Release */,
			);
			defaultConfigurationIsVisible = 0;
			defaultConfigurationName = Release;
		};
		CE86717C29B9BEA100F7FDAB /* Build configuration list for PBXNativeTarget "RecipeMVP" */ = {
			isa = XCConfigurationList;
			buildConfigurations = (
				CE86717D29B9BEA100F7FDAB /* Debug */,
				CE86717E29B9BEA100F7FDAB /* Release */,
			);
			defaultConfigurationIsVisible = 0;
			defaultConfigurationName = Release;
		};
/* End XCConfigurationList section */
	};
	rootObject = CE86716029B9BE9F00F7FDAB /* Project object */;
}
